// !$*UTF8*$!
{
	archiveVersion = 1;
	classes = {
	};
	objectVersion = 50;
	objects = {

/* Begin PBXBuildFile section */
		1F699C652437928E001FF5A4 /* AppDelegate.swift in Sources */ = {isa = PBXBuildFile; fileRef = 1F699C642437928E001FF5A4 /* AppDelegate.swift */; };
		1F699C672437928E001FF5A4 /* SceneDelegate.swift in Sources */ = {isa = PBXBuildFile; fileRef = 1F699C662437928E001FF5A4 /* SceneDelegate.swift */; };
		1F699C6E2437928F001FF5A4 /* Assets.xcassets in Resources */ = {isa = PBXBuildFile; fileRef = 1F699C6D2437928F001FF5A4 /* Assets.xcassets */; };
		1F699C712437928F001FF5A4 /* LaunchScreen.storyboard in Resources */ = {isa = PBXBuildFile; fileRef = 1F699C6F2437928F001FF5A4 /* LaunchScreen.storyboard */; };
		1F699C7F2437943B001FF5A4 /* Localizable.strings in Resources */ = {isa = PBXBuildFile; fileRef = 1F699C812437943B001FF5A4 /* Localizable.strings */; };
		1F699C842437963B001FF5A4 /* LibraryMainViewController.swift in Sources */ = {isa = PBXBuildFile; fileRef = 1F699C832437963B001FF5A4 /* LibraryMainViewController.swift */; };
		1F699C87243796E6001FF5A4 /* BaseViewController.swift in Sources */ = {isa = PBXBuildFile; fileRef = 1F699C86243796E6001FF5A4 /* BaseViewController.swift */; };
		1F699C892437970A001FF5A4 /* UIViewControllerPreview.swift in Sources */ = {isa = PBXBuildFile; fileRef = 1F699C882437970A001FF5A4 /* UIViewControllerPreview.swift */; };
		1F699C8B24379711001FF5A4 /* UIViewPreview.swift in Sources */ = {isa = PBXBuildFile; fileRef = 1F699C8A24379711001FF5A4 /* UIViewPreview.swift */; };
		1F699C8E2437978F001FF5A4 /* Assets.swift in Sources */ = {isa = PBXBuildFile; fileRef = 1F699C8C2437978F001FF5A4 /* Assets.swift */; };
		1F699C8F2437978F001FF5A4 /* L10n.swift in Sources */ = {isa = PBXBuildFile; fileRef = 1F699C8D2437978F001FF5A4 /* L10n.swift */; };
/* End PBXBuildFile section */

/* Begin PBXFileReference section */
		1F699C612437928E001FF5A4 /* SimpleMusic.app */ = {isa = PBXFileReference; explicitFileType = wrapper.application; includeInIndex = 0; path = SimpleMusic.app; sourceTree = BUILT_PRODUCTS_DIR; };
		1F699C642437928E001FF5A4 /* AppDelegate.swift */ = {isa = PBXFileReference; lastKnownFileType = sourcecode.swift; path = AppDelegate.swift; sourceTree = "<group>"; };
		1F699C662437928E001FF5A4 /* SceneDelegate.swift */ = {isa = PBXFileReference; lastKnownFileType = sourcecode.swift; path = SceneDelegate.swift; sourceTree = "<group>"; };
		1F699C6D2437928F001FF5A4 /* Assets.xcassets */ = {isa = PBXFileReference; lastKnownFileType = folder.assetcatalog; path = Assets.xcassets; sourceTree = "<group>"; };
		1F699C702437928F001FF5A4 /* Base */ = {isa = PBXFileReference; lastKnownFileType = file.storyboard; name = Base; path = Base.lproj/LaunchScreen.storyboard; sourceTree = "<group>"; };
		1F699C722437928F001FF5A4 /* Info.plist */ = {isa = PBXFileReference; lastKnownFileType = text.plist.xml; path = Info.plist; sourceTree = "<group>"; };
		1F699C802437943B001FF5A4 /* en */ = {isa = PBXFileReference; lastKnownFileType = text.plist.strings; name = en; path = en.lproj/Localizable.strings; sourceTree = "<group>"; };
		1F699C832437963B001FF5A4 /* LibraryMainViewController.swift */ = {isa = PBXFileReference; lastKnownFileType = sourcecode.swift; path = LibraryMainViewController.swift; sourceTree = "<group>"; };
		1F699C86243796E6001FF5A4 /* BaseViewController.swift */ = {isa = PBXFileReference; lastKnownFileType = sourcecode.swift; path = BaseViewController.swift; sourceTree = "<group>"; };
		1F699C882437970A001FF5A4 /* UIViewControllerPreview.swift */ = {isa = PBXFileReference; lastKnownFileType = sourcecode.swift; path = UIViewControllerPreview.swift; sourceTree = "<group>"; };
		1F699C8A24379711001FF5A4 /* UIViewPreview.swift */ = {isa = PBXFileReference; lastKnownFileType = sourcecode.swift; path = UIViewPreview.swift; sourceTree = "<group>"; };
		1F699C8C2437978F001FF5A4 /* Assets.swift */ = {isa = PBXFileReference; fileEncoding = 4; lastKnownFileType = sourcecode.swift; path = Assets.swift; sourceTree = "<group>"; };
		1F699C8D2437978F001FF5A4 /* L10n.swift */ = {isa = PBXFileReference; fileEncoding = 4; lastKnownFileType = sourcecode.swift; path = L10n.swift; sourceTree = "<group>"; };
/* End PBXFileReference section */

/* Begin PBXFrameworksBuildPhase section */
		1F699C5E2437928E001FF5A4 /* Frameworks */ = {
			isa = PBXFrameworksBuildPhase;
			buildActionMask = 2147483647;
			files = (
			);
			runOnlyForDeploymentPostprocessing = 0;
		};
/* End PBXFrameworksBuildPhase section */

/* Begin PBXGroup section */
		1F699C582437928E001FF5A4 = {
			isa = PBXGroup;
			children = (
				1F699C632437928E001FF5A4 /* SimpleMusic */,
				1F699C622437928E001FF5A4 /* Products */,
			);
			sourceTree = "<group>";
		};
		1F699C622437928E001FF5A4 /* Products */ = {
			isa = PBXGroup;
			children = (
				1F699C612437928E001FF5A4 /* SimpleMusic.app */,
			);
			name = Products;
			sourceTree = "<group>";
		};
		1F699C632437928E001FF5A4 /* SimpleMusic */ = {
			isa = PBXGroup;
			children = (
				1F699C7A243792D5001FF5A4 /* Sources */,
				1F699C79243792D1001FF5A4 /* Resources */,
				1F699C78243792CC001FF5A4 /* Generated */,
			);
			path = SimpleMusic;
			sourceTree = "<group>";
		};
		1F699C78243792CC001FF5A4 /* Generated */ = {
			isa = PBXGroup;
			children = (
				1F699C8C2437978F001FF5A4 /* Assets.swift */,
				1F699C8D2437978F001FF5A4 /* L10n.swift */,
			);
			path = Generated;
			sourceTree = "<group>";
		};
		1F699C79243792D1001FF5A4 /* Resources */ = {
			isa = PBXGroup;
			children = (
				1F699C6D2437928F001FF5A4 /* Assets.xcassets */,
				1F699C6F2437928F001FF5A4 /* LaunchScreen.storyboard */,
				1F699C722437928F001FF5A4 /* Info.plist */,
				1F699C812437943B001FF5A4 /* Localizable.strings */,
			);
			path = Resources;
			sourceTree = "<group>";
		};
		1F699C7A243792D5001FF5A4 /* Sources */ = {
			isa = PBXGroup;
			children = (
				1F699C85243796D0001FF5A4 /* Common */,
				1F699C822437962C001FF5A4 /* Library */,
			);
			path = Sources;
			sourceTree = "<group>";
		};
		1F699C822437962C001FF5A4 /* Library */ = {
			isa = PBXGroup;
			children = (
				1F699C832437963B001FF5A4 /* LibraryMainViewController.swift */,
			);
			path = Library;
			sourceTree = "<group>";
		};
		1F699C85243796D0001FF5A4 /* Common */ = {
			isa = PBXGroup;
			children = (
				1F699C642437928E001FF5A4 /* AppDelegate.swift */,
				1F699C662437928E001FF5A4 /* SceneDelegate.swift */,
				1F699C86243796E6001FF5A4 /* BaseViewController.swift */,
				1F699C882437970A001FF5A4 /* UIViewControllerPreview.swift */,
				1F699C8A24379711001FF5A4 /* UIViewPreview.swift */,
			);
			path = Common;
			sourceTree = "<group>";
		};
/* End PBXGroup section */

/* Begin PBXNativeTarget section */
		1F699C602437928E001FF5A4 /* SimpleMusic */ = {
			isa = PBXNativeTarget;
			buildConfigurationList = 1F699C752437928F001FF5A4 /* Build configuration list for PBXNativeTarget "SimpleMusic" */;
			buildPhases = (
				1F699C5D2437928E001FF5A4 /* Sources */,
				1F699C5E2437928E001FF5A4 /* Frameworks */,
				1F699C5F2437928E001FF5A4 /* Resources */,
				1F699C7B24379384001FF5A4 /* SwiftLint */,
				1F699C7C24379396001FF5A4 /* SwiftGen */,
			);
			buildRules = (
			);
			dependencies = (
			);
			name = SimpleMusic;
			productName = SimpleMusic;
			productReference = 1F699C612437928E001FF5A4 /* SimpleMusic.app */;
			productType = "com.apple.product-type.application";
		};
/* End PBXNativeTarget section */

/* Begin PBXProject section */
		1F699C592437928E001FF5A4 /* Project object */ = {
			isa = PBXProject;
			attributes = {
				LastSwiftUpdateCheck = 1140;
				LastUpgradeCheck = 1140;
				ORGANIZATIONNAME = OvertheOceanApps;
				TargetAttributes = {
					1F699C602437928E001FF5A4 = {
						CreatedOnToolsVersion = 11.4;
					};
				};
			};
			buildConfigurationList = 1F699C5C2437928E001FF5A4 /* Build configuration list for PBXProject "SimpleMusic" */;
			compatibilityVersion = "Xcode 9.3";
			developmentRegion = en;
			hasScannedForEncodings = 0;
			knownRegions = (
				en,
				Base,
			);
			mainGroup = 1F699C582437928E001FF5A4;
			productRefGroup = 1F699C622437928E001FF5A4 /* Products */;
			projectDirPath = "";
			projectRoot = "";
			targets = (
				1F699C602437928E001FF5A4 /* SimpleMusic */,
			);
		};
/* End PBXProject section */

/* Begin PBXResourcesBuildPhase section */
		1F699C5F2437928E001FF5A4 /* Resources */ = {
			isa = PBXResourcesBuildPhase;
			buildActionMask = 2147483647;
			files = (
				1F699C712437928F001FF5A4 /* LaunchScreen.storyboard in Resources */,
				1F699C7F2437943B001FF5A4 /* Localizable.strings in Resources */,
				1F699C6E2437928F001FF5A4 /* Assets.xcassets in Resources */,
			);
			runOnlyForDeploymentPostprocessing = 0;
		};
/* End PBXResourcesBuildPhase section */

/* Begin PBXShellScriptBuildPhase section */
		1F699C7B24379384001FF5A4 /* SwiftLint */ = {
			isa = PBXShellScriptBuildPhase;
			buildActionMask = 2147483647;
			files = (
			);
			inputFileListPaths = (
			);
			inputPaths = (
			);
			name = SwiftLint;
			outputFileListPaths = (
			);
			outputPaths = (
			);
			runOnlyForDeploymentPostprocessing = 0;
			shellPath = /bin/sh;
			shellScript = "if which swiftlint >/dev/null; then\n  swiftlint\nelse\n  echo \"warning: SwiftLint not installed, download from https://github.com/realm/SwiftLint\"\nfi\n";
		};
		1F699C7C24379396001FF5A4 /* SwiftGen */ = {
			isa = PBXShellScriptBuildPhase;
			buildActionMask = 2147483647;
			files = (
			);
			inputFileListPaths = (
			);
			inputPaths = (
			);
			name = SwiftGen;
			outputFileListPaths = (
			);
			outputPaths = (
			);
			runOnlyForDeploymentPostprocessing = 0;
			shellPath = /bin/sh;
			shellScript = "(cd $PROJECT_DIR/Scripts && ./swiftgen.sh)\n";
		};
/* End PBXShellScriptBuildPhase section */

/* Begin PBXSourcesBuildPhase section */
		1F699C5D2437928E001FF5A4 /* Sources */ = {
			isa = PBXSourcesBuildPhase;
			buildActionMask = 2147483647;
			files = (
				1F699C8F2437978F001FF5A4 /* L10n.swift in Sources */,
				1F699C652437928E001FF5A4 /* AppDelegate.swift in Sources */,
				1F699C8E2437978F001FF5A4 /* Assets.swift in Sources */,
				1F699C87243796E6001FF5A4 /* BaseViewController.swift in Sources */,
				1F699C892437970A001FF5A4 /* UIViewControllerPreview.swift in Sources */,
				1F699C672437928E001FF5A4 /* SceneDelegate.swift in Sources */,
				1F699C842437963B001FF5A4 /* LibraryMainViewController.swift in Sources */,
				1F699C8B24379711001FF5A4 /* UIViewPreview.swift in Sources */,
			);
			runOnlyForDeploymentPostprocessing = 0;
		};
/* End PBXSourcesBuildPhase section */

/* Begin PBXVariantGroup section */
		1F699C6F2437928F001FF5A4 /* LaunchScreen.storyboard */ = {
			isa = PBXVariantGroup;
			children = (
				1F699C702437928F001FF5A4 /* Base */,
			);
			name = LaunchScreen.storyboard;
			sourceTree = "<group>";
		};
		1F699C812437943B001FF5A4 /* Localizable.strings */ = {
			isa = PBXVariantGroup;
			children = (
				1F699C802437943B001FF5A4 /* en */,
			);
			name = Localizable.strings;
			sourceTree = "<group>";
		};
/* End PBXVariantGroup section */

/* Begin XCBuildConfiguration section */
		1F699C732437928F001FF5A4 /* Debug */ = {
			isa = XCBuildConfiguration;
			buildSettings = {
				ALWAYS_SEARCH_USER_PATHS = NO;
				CLANG_ANALYZER_NONNULL = YES;
				CLANG_ANALYZER_NUMBER_OBJECT_CONVERSION = YES_AGGRESSIVE;
				CLANG_CXX_LANGUAGE_STANDARD = "gnu++14";
				CLANG_CXX_LIBRARY = "libc++";
				CLANG_ENABLE_MODULES = YES;
				CLANG_ENABLE_OBJC_ARC = YES;
				CLANG_ENABLE_OBJC_WEAK = YES;
				CLANG_WARN_BLOCK_CAPTURE_AUTORELEASING = YES;
				CLANG_WARN_BOOL_CONVERSION = YES;
				CLANG_WARN_COMMA = YES;
				CLANG_WARN_CONSTANT_CONVERSION = YES;
				CLANG_WARN_DEPRECATED_OBJC_IMPLEMENTATIONS = YES;
				CLANG_WARN_DIRECT_OBJC_ISA_USAGE = YES_ERROR;
				CLANG_WARN_DOCUMENTATION_COMMENTS = YES;
				CLANG_WARN_EMPTY_BODY = YES;
				CLANG_WARN_ENUM_CONVERSION = YES;
				CLANG_WARN_INFINITE_RECURSION = YES;
				CLANG_WARN_INT_CONVERSION = YES;
				CLANG_WARN_NON_LITERAL_NULL_CONVERSION = YES;
				CLANG_WARN_OBJC_IMPLICIT_RETAIN_SELF = YES;
				CLANG_WARN_OBJC_LITERAL_CONVERSION = YES;
				CLANG_WARN_OBJC_ROOT_CLASS = YES_ERROR;
				CLANG_WARN_RANGE_LOOP_ANALYSIS = YES;
				CLANG_WARN_STRICT_PROTOTYPES = YES;
				CLANG_WARN_SUSPICIOUS_MOVE = YES;
				CLANG_WARN_UNGUARDED_AVAILABILITY = YES_AGGRESSIVE;
				CLANG_WARN_UNREACHABLE_CODE = YES;
				CLANG_WARN__DUPLICATE_METHOD_MATCH = YES;
				COPY_PHASE_STRIP = NO;
				DEBUG_INFORMATION_FORMAT = dwarf;
				ENABLE_STRICT_OBJC_MSGSEND = YES;
				ENABLE_TESTABILITY = YES;
				GCC_C_LANGUAGE_STANDARD = gnu11;
				GCC_DYNAMIC_NO_PIC = NO;
				GCC_NO_COMMON_BLOCKS = YES;
				GCC_OPTIMIZATION_LEVEL = 0;
				GCC_PREPROCESSOR_DEFINITIONS = (
					"DEBUG=1",
					"$(inherited)",
				);
				GCC_WARN_64_TO_32_BIT_CONVERSION = YES;
				GCC_WARN_ABOUT_RETURN_TYPE = YES_ERROR;
				GCC_WARN_UNDECLARED_SELECTOR = YES;
				GCC_WARN_UNINITIALIZED_AUTOS = YES_AGGRESSIVE;
				GCC_WARN_UNUSED_FUNCTION = YES;
				GCC_WARN_UNUSED_VARIABLE = YES;
				IPHONEOS_DEPLOYMENT_TARGET = 13.0;
				MTL_ENABLE_DEBUG_INFO = INCLUDE_SOURCE;
				MTL_FAST_MATH = YES;
				ONLY_ACTIVE_ARCH = YES;
				SDKROOT = iphoneos;
				SWIFT_ACTIVE_COMPILATION_CONDITIONS = DEBUG;
				SWIFT_OPTIMIZATION_LEVEL = "-Onone";
			};
			name = Debug;
		};
		1F699C742437928F001FF5A4 /* Release */ = {
			isa = XCBuildConfiguration;
			buildSettings = {
				ALWAYS_SEARCH_USER_PATHS = NO;
				CLANG_ANALYZER_NONNULL = YES;
				CLANG_ANALYZER_NUMBER_OBJECT_CONVERSION = YES_AGGRESSIVE;
				CLANG_CXX_LANGUAGE_STANDARD = "gnu++14";
				CLANG_CXX_LIBRARY = "libc++";
				CLANG_ENABLE_MODULES = YES;
				CLANG_ENABLE_OBJC_ARC = YES;
				CLANG_ENABLE_OBJC_WEAK = YES;
				CLANG_WARN_BLOCK_CAPTURE_AUTORELEASING = YES;
				CLANG_WARN_BOOL_CONVERSION = YES;
				CLANG_WARN_COMMA = YES;
				CLANG_WARN_CONSTANT_CONVERSION = YES;
				CLANG_WARN_DEPRECATED_OBJC_IMPLEMENTATIONS = YES;
				CLANG_WARN_DIRECT_OBJC_ISA_USAGE = YES_ERROR;
				CLANG_WARN_DOCUMENTATION_COMMENTS = YES;
				CLANG_WARN_EMPTY_BODY = YES;
				CLANG_WARN_ENUM_CONVERSION = YES;
				CLANG_WARN_INFINITE_RECURSION = YES;
				CLANG_WARN_INT_CONVERSION = YES;
				CLANG_WARN_NON_LITERAL_NULL_CONVERSION = YES;
				CLANG_WARN_OBJC_IMPLICIT_RETAIN_SELF = YES;
				CLANG_WARN_OBJC_LITERAL_CONVERSION = YES;
				CLANG_WARN_OBJC_ROOT_CLASS = YES_ERROR;
				CLANG_WARN_RANGE_LOOP_ANALYSIS = YES;
				CLANG_WARN_STRICT_PROTOTYPES = YES;
				CLANG_WARN_SUSPICIOUS_MOVE = YES;
				CLANG_WARN_UNGUARDED_AVAILABILITY = YES_AGGRESSIVE;
				CLANG_WARN_UNREACHABLE_CODE = YES;
				CLANG_WARN__DUPLICATE_METHOD_MATCH = YES;
				COPY_PHASE_STRIP = NO;
				DEBUG_INFORMATION_FORMAT = "dwarf-with-dsym";
				ENABLE_NS_ASSERTIONS = NO;
				ENABLE_STRICT_OBJC_MSGSEND = YES;
				GCC_C_LANGUAGE_STANDARD = gnu11;
				GCC_NO_COMMON_BLOCKS = YES;
				GCC_WARN_64_TO_32_BIT_CONVERSION = YES;
				GCC_WARN_ABOUT_RETURN_TYPE = YES_ERROR;
				GCC_WARN_UNDECLARED_SELECTOR = YES;
				GCC_WARN_UNINITIALIZED_AUTOS = YES_AGGRESSIVE;
				GCC_WARN_UNUSED_FUNCTION = YES;
				GCC_WARN_UNUSED_VARIABLE = YES;
				IPHONEOS_DEPLOYMENT_TARGET = 13.0;
				MTL_ENABLE_DEBUG_INFO = NO;
				MTL_FAST_MATH = YES;
				SDKROOT = iphoneos;
				SWIFT_COMPILATION_MODE = wholemodule;
				SWIFT_OPTIMIZATION_LEVEL = "-O";
				VALIDATE_PRODUCT = YES;
			};
			name = Release;
		};
		1F699C762437928F001FF5A4 /* Debug */ = {
			isa = XCBuildConfiguration;
			buildSettings = {
				ASSETCATALOG_COMPILER_APPICON_NAME = AppIcon;
				CODE_SIGN_STYLE = Automatic;
				DEVELOPMENT_TEAM = WXPF567M57;
				INFOPLIST_FILE = SimpleMusic/Resources/Info.plist;
				IPHONEOS_DEPLOYMENT_TARGET = 13.0;
				LD_RUNPATH_SEARCH_PATHS = (
					"$(inherited)",
					"@executable_path/Frameworks",
				);
				PRODUCT_BUNDLE_IDENTIFIER = app.OvertheOcean.SimpleMusic;
				PRODUCT_NAME = "$(TARGET_NAME)";
				SWIFT_VERSION = 5.0;
				TARGETED_DEVICE_FAMILY = 1;
			};
			name = Debug;
		};
		1F699C772437928F001FF5A4 /* Release */ = {
			isa = XCBuildConfiguration;
			buildSettings = {
				ASSETCATALOG_COMPILER_APPICON_NAME = AppIcon;
				CODE_SIGN_STYLE = Automatic;
				DEVELOPMENT_TEAM = WXPF567M57;
				INFOPLIST_FILE = SimpleMusic/Resources/Info.plist;
				IPHONEOS_DEPLOYMENT_TARGET = 13.0;
				LD_RUNPATH_SEARCH_PATHS = (
					"$(inherited)",
					"@executable_path/Frameworks",
				);
				PRODUCT_BUNDLE_IDENTIFIER = app.OvertheOcean.SimpleMusic;
				PRODUCT_NAME = "$(TARGET_NAME)";
				SWIFT_VERSION = 5.0;
				TARGETED_DEVICE_FAMILY = 1;
			};
			name = Release;
		};
/* End XCBuildConfiguration section */

/* Begin XCConfigurationList section */
		1F699C5C2437928E001FF5A4 /* Build configuration list for PBXProject "SimpleMusic" */ = {
			isa = XCConfigurationList;
			buildConfigurations = (
				1F699C732437928F001FF5A4 /* Debug */,
				1F699C742437928F001FF5A4 /* Release */,
			);
			defaultConfigurationIsVisible = 0;
			defaultConfigurationName = Release;
		};
		1F699C752437928F001FF5A4 /* Build configuration list for PBXNativeTarget "SimpleMusic" */ = {
			isa = XCConfigurationList;
			buildConfigurations = (
				1F699C762437928F001FF5A4 /* Debug */,
				1F699C772437928F001FF5A4 /* Release */,
			);
			defaultConfigurationIsVisible = 0;
			defaultConfigurationName = Release;
		};
/* End XCConfigurationList section */
	};
	rootObject = 1F699C592437928E001FF5A4 /* Project object */;
}
